
Microsoft Visual Studio Solution File, Format Version 12.00
# Visual Studio Version 17
VisualStudioVersion = 17.3.32819.101
MinimumVisualStudioVersion = 10.0.40219.1
Project("{FAE04EC0-301F-11D3-BF4B-00C04F79EFBC}") = "PracticaTienda", "PracticaTienda.csproj", "{A303F604-7695-4CF4-9F14-2A02FC28DC56}"
EndProject
Global
	GlobalSection(SolutionConfigurationPlatforms) = preSolution
		Debug|Any CPU = Debug|Any CPU
		Release|Any CPU = Release|Any CPU
	EndGlobalSection
	GlobalSection(ProjectConfigurationPlatforms) = postSolution
		{A303F604-7695-4CF4-9F14-2A02FC28DC56}.Debug|Any CPU.ActiveCfg = Debug|Any CPU
		{A303F604-7695-4CF4-9F14-2A02FC28DC56}.Debug|Any CPU.Build.0 = Debug|Any CPU
		{A303F604-7695-4CF4-9F14-2A02FC28DC56}.Release|Any CPU.ActiveCfg = Release|Any CPU
		{A303F604-7695-4CF4-9F14-2A02FC28DC56}.Release|Any CPU.Build.0 = Release|Any CPU
	EndGlobalSection
	GlobalSection(SolutionProperties) = preSolution
		HideSolutionNode = FALSE
	EndGlobalSection
	GlobalSection(ExtensibilityGlobals) = postSolution
		SolutionGuid = {B4D944EB-7309-433E-8994-DEDA2A8B01A4}
	EndGlobalSection
EndGlobal
